
Microsoft Visual Studio Solution File, Format Version 12.00
Project("{2150E333-8FDC-42A3-9474-1A3956D46DE8}") = "src", "src", "{CCB28A67-EFCE-4947-83DA-CAA85607CB06}"
EndProject
Project("{2150E333-8FDC-42A3-9474-1A3956D46DE8}") = "test", "test", "{7CEB0A31-1A14-4AAD-A2F2-574D462AE679}"
EndProject
Project("{2150E333-8FDC-42A3-9474-1A3956D46DE8}") = "API", "API", "{6B964238-185F-4759-842A-AC89DFC89470}"
EndProject
Project("{2150E333-8FDC-42A3-9474-1A3956D46DE8}") = "Core", "Core", "{CC6C351A-69F3-4A09-A259-140412B86002}"
EndProject
Project("{2150E333-8FDC-42A3-9474-1A3956D46DE8}") = "Infrastructure", "Infrastructure", "{F7B4E2BC-5730-427F-99DE-7FDDF494B767}"
EndProject
Project("{2150E333-8FDC-42A3-9474-1A3956D46DE8}") = "UI", "UI", "{FB84D802-19E4-4FD4-A74C-72D1E72E2D39}"
EndProject
Project("{FAE04EC0-301F-11D3-BF4B-00C04F79EFBC}") = "HRLeaveManagement.Domain", "HRLeaveManagement.Domain\HRLeaveManagement.Domain.csproj", "{DA097496-2B4B-4B7A-B41D-18A7DCAAA058}"
EndProject
Global
	GlobalSection(SolutionConfigurationPlatforms) = preSolution
		Debug|Any CPU = Debug|Any CPU
		Release|Any CPU = Release|Any CPU
	EndGlobalSection
	GlobalSection(NestedProjects) = preSolution
		{6B964238-185F-4759-842A-AC89DFC89470} = {CCB28A67-EFCE-4947-83DA-CAA85607CB06}
		{CC6C351A-69F3-4A09-A259-140412B86002} = {CCB28A67-EFCE-4947-83DA-CAA85607CB06}
		{F7B4E2BC-5730-427F-99DE-7FDDF494B767} = {CCB28A67-EFCE-4947-83DA-CAA85607CB06}
		{FB84D802-19E4-4FD4-A74C-72D1E72E2D39} = {CCB28A67-EFCE-4947-83DA-CAA85607CB06}
		{DA097496-2B4B-4B7A-B41D-18A7DCAAA058} = {CC6C351A-69F3-4A09-A259-140412B86002}
	EndGlobalSection
	GlobalSection(ProjectConfigurationPlatforms) = postSolution
		{DA097496-2B4B-4B7A-B41D-18A7DCAAA058}.Debug|Any CPU.ActiveCfg = Debug|Any CPU
		{DA097496-2B4B-4B7A-B41D-18A7DCAAA058}.Debug|Any CPU.Build.0 = Debug|Any CPU
		{DA097496-2B4B-4B7A-B41D-18A7DCAAA058}.Release|Any CPU.ActiveCfg = Release|Any CPU
		{DA097496-2B4B-4B7A-B41D-18A7DCAAA058}.Release|Any CPU.Build.0 = Release|Any CPU
	EndGlobalSection
EndGlobal
